
Microsoft Visual Studio Solution File, Format Version 12.00
# Visual Studio 15
VisualStudioVersion = 15.0.27428.2037
MinimumVisualStudioVersion = 10.0.40219.1
Project("{FAE04EC0-301F-11D3-BF4B-00C04F79EFBC}") = "RFI.MenuCardsAggregator.Services", "RFI.MenuCardsAggregator.Services\RFI.MenuCardsAggregator.Services.csproj", "{C699CBD1-BEB2-4B3D-ACB7-6866B7BB5E3F}"
EndProject
Project("{FAE04EC0-301F-11D3-BF4B-00C04F79EFBC}") = "RFI.MenuCardsAggregator.Services.Tests", "RFI.MenuCardsAggregator.Services.Tests\RFI.MenuCardsAggregator.Services.Tests.csproj", "{85D9CFED-6E20-4FB3-B9E3-F99F9480B866}"
EndProject
Project("{FAE04EC0-301F-11D3-BF4B-00C04F79EFBC}") = "RFI.MenuCardsAggregator.Web", "RFI.MenuCardsAggregator.Web\RFI.MenuCardsAggregator.Web.csproj", "{31B44ECF-C210-4C2A-A255-9483F4E3E7F8}"
EndProject
Global
	GlobalSection(SolutionConfigurationPlatforms) = preSolution
		Debug|Any CPU = Debug|Any CPU
		Release|Any CPU = Release|Any CPU
	EndGlobalSection
	GlobalSection(ProjectConfigurationPlatforms) = postSolution
		{C699CBD1-BEB2-4B3D-ACB7-6866B7BB5E3F}.Debug|Any CPU.ActiveCfg = Debug|Any CPU
		{C699CBD1-BEB2-4B3D-ACB7-6866B7BB5E3F}.Debug|Any CPU.Build.0 = Debug|Any CPU
		{C699CBD1-BEB2-4B3D-ACB7-6866B7BB5E3F}.Release|Any CPU.ActiveCfg = Release|Any CPU
		{C699CBD1-BEB2-4B3D-ACB7-6866B7BB5E3F}.Release|Any CPU.Build.0 = Release|Any CPU
		{85D9CFED-6E20-4FB3-B9E3-F99F9480B866}.Debug|Any CPU.ActiveCfg = Debug|Any CPU
		{85D9CFED-6E20-4FB3-B9E3-F99F9480B866}.Debug|Any CPU.Build.0 = Debug|Any CPU
		{85D9CFED-6E20-4FB3-B9E3-F99F9480B866}.Release|Any CPU.ActiveCfg = Release|Any CPU
		{85D9CFED-6E20-4FB3-B9E3-F99F9480B866}.Release|Any CPU.Build.0 = Release|Any CPU
		{31B44ECF-C210-4C2A-A255-9483F4E3E7F8}.Debug|Any CPU.ActiveCfg = Debug|Any CPU
		{31B44ECF-C210-4C2A-A255-9483F4E3E7F8}.Debug|Any CPU.Build.0 = Debug|Any CPU
		{31B44ECF-C210-4C2A-A255-9483F4E3E7F8}.Release|Any CPU.ActiveCfg = Release|Any CPU
		{31B44ECF-C210-4C2A-A255-9483F4E3E7F8}.Release|Any CPU.Build.0 = Release|Any CPU
	EndGlobalSection
	GlobalSection(SolutionProperties) = preSolution
		HideSolutionNode = FALSE
	EndGlobalSection
	GlobalSection(ExtensibilityGlobals) = postSolution
		SolutionGuid = {B6A3C608-CAFF-4A6A-A890-0CBADAB0A35F}
	EndGlobalSection
EndGlobal
