
Microsoft Visual Studio Solution File, Format Version 12.00
# Visual Studio 15
VisualStudioVersion = 15.0.27428.2037
MinimumVisualStudioVersion = 10.0.40219.1
Project("{FAE04EC0-301F-11D3-BF4B-00C04F79EFBC}") = "RFI.MenuCardsAggregator.Web_old", "RFI.MenuCardsAggregator.Web_old\RFI.MenuCardsAggregator.Web_old.csproj", "{31B44ECF-C210-4C2A-A255-9483F4E3E7F8}"
EndProject
Project("{9A19103F-16F7-4668-BE54-9A1E7A4F7556}") = "RFI.MenuCardsAggregator.Services", "RFI.MenuCardsAggregator.Services\RFI.MenuCardsAggregator.Services.csproj", "{7C67C53E-5297-4A60-B68E-A1B16578854B}"
EndProject
Project("{9A19103F-16F7-4668-BE54-9A1E7A4F7556}") = "RFI.MenuCardsAggregator.Services.Tests", "RFI.MenuCardsAggregator.Services.Tests\RFI.MenuCardsAggregator.Services.Tests.csproj", "{D3AE55FC-5447-4BBC-98D8-D33B0B6366FE}"
EndProject
Global
	GlobalSection(SolutionConfigurationPlatforms) = preSolution
		Debug|Any CPU = Debug|Any CPU
		Release|Any CPU = Release|Any CPU
	EndGlobalSection
	GlobalSection(ProjectConfigurationPlatforms) = postSolution
		{31B44ECF-C210-4C2A-A255-9483F4E3E7F8}.Debug|Any CPU.ActiveCfg = Debug|Any CPU
		{31B44ECF-C210-4C2A-A255-9483F4E3E7F8}.Debug|Any CPU.Build.0 = Debug|Any CPU
		{31B44ECF-C210-4C2A-A255-9483F4E3E7F8}.Release|Any CPU.ActiveCfg = Release|Any CPU
		{31B44ECF-C210-4C2A-A255-9483F4E3E7F8}.Release|Any CPU.Build.0 = Release|Any CPU
		{7C67C53E-5297-4A60-B68E-A1B16578854B}.Debug|Any CPU.ActiveCfg = Debug|Any CPU
		{7C67C53E-5297-4A60-B68E-A1B16578854B}.Debug|Any CPU.Build.0 = Debug|Any CPU
		{7C67C53E-5297-4A60-B68E-A1B16578854B}.Release|Any CPU.ActiveCfg = Release|Any CPU
		{7C67C53E-5297-4A60-B68E-A1B16578854B}.Release|Any CPU.Build.0 = Release|Any CPU
		{D3AE55FC-5447-4BBC-98D8-D33B0B6366FE}.Debug|Any CPU.ActiveCfg = Debug|Any CPU
		{D3AE55FC-5447-4BBC-98D8-D33B0B6366FE}.Debug|Any CPU.Build.0 = Debug|Any CPU
		{D3AE55FC-5447-4BBC-98D8-D33B0B6366FE}.Release|Any CPU.ActiveCfg = Release|Any CPU
		{D3AE55FC-5447-4BBC-98D8-D33B0B6366FE}.Release|Any CPU.Build.0 = Release|Any CPU
	EndGlobalSection
	GlobalSection(SolutionProperties) = preSolution
		HideSolutionNode = FALSE
	EndGlobalSection
	GlobalSection(ExtensibilityGlobals) = postSolution
		SolutionGuid = {B6A3C608-CAFF-4A6A-A890-0CBADAB0A35F}
	EndGlobalSection
EndGlobal
